
Microsoft Visual Studio Solution File, Format Version 12.00
# Visual Studio Version 17
VisualStudioVersion = 17.6.33815.320
MinimumVisualStudioVersion = 10.0.40219.1
Project("{FAE04EC0-301F-11D3-BF4B-00C04F79EFBC}") = "Pedra papel tesoura 3.0", "Pedra papel tesoura 3.0\Pedra papel tesoura 3.0.csproj", "{83469996-5C96-4558-87A7-2BC9CA4CBA93}"
EndProject
Global
	GlobalSection(SolutionConfigurationPlatforms) = preSolution
		Debug|Any CPU = Debug|Any CPU
		Release|Any CPU = Release|Any CPU
	EndGlobalSection
	GlobalSection(ProjectConfigurationPlatforms) = postSolution
		{83469996-5C96-4558-87A7-2BC9CA4CBA93}.Debug|Any CPU.ActiveCfg = Debug|Any CPU
		{83469996-5C96-4558-87A7-2BC9CA4CBA93}.Debug|Any CPU.Build.0 = Debug|Any CPU
		{83469996-5C96-4558-87A7-2BC9CA4CBA93}.Release|Any CPU.ActiveCfg = Release|Any CPU
		{83469996-5C96-4558-87A7-2BC9CA4CBA93}.Release|Any CPU.Build.0 = Release|Any CPU
	EndGlobalSection
	GlobalSection(SolutionProperties) = preSolution
		HideSolutionNode = FALSE
	EndGlobalSection
	GlobalSection(ExtensibilityGlobals) = postSolution
		SolutionGuid = {0EA8D896-3133-4833-9634-D65DCB4C169D}
	EndGlobalSection
EndGlobal
